
Microsoft Visual Studio Solution File, Format Version 12.00
# Visual Studio Version 16
VisualStudioVersion = 16.0.31129.286
MinimumVisualStudioVersion = 10.0.40219.1
Project("{FAE04EC0-301F-11D3-BF4B-00C04F79EFBC}") = "Ex36", "Ex36\Ex36.csproj", "{18337EFA-7A78-4BBE-88D0-4FE59E4769CA}"
EndProject
Global
	GlobalSection(SolutionConfigurationPlatforms) = preSolution
		Debug|Any CPU = Debug|Any CPU
		Release|Any CPU = Release|Any CPU
	EndGlobalSection
	GlobalSection(ProjectConfigurationPlatforms) = postSolution
		{18337EFA-7A78-4BBE-88D0-4FE59E4769CA}.Debug|Any CPU.ActiveCfg = Debug|Any CPU
		{18337EFA-7A78-4BBE-88D0-4FE59E4769CA}.Debug|Any CPU.Build.0 = Debug|Any CPU
		{18337EFA-7A78-4BBE-88D0-4FE59E4769CA}.Release|Any CPU.ActiveCfg = Release|Any CPU
		{18337EFA-7A78-4BBE-88D0-4FE59E4769CA}.Release|Any CPU.Build.0 = Release|Any CPU
	EndGlobalSection
	GlobalSection(SolutionProperties) = preSolution
		HideSolutionNode = FALSE
	EndGlobalSection
	GlobalSection(ExtensibilityGlobals) = postSolution
		SolutionGuid = {F1723898-766D-456B-A6FB-FB6512FE18EE}
	EndGlobalSection
EndGlobal
